// !$*UTF8*$!
{
	archiveVersion = 1;
	classes = {
	};
	objectVersion = 46;
	objects = {

/* Begin PBXBuildFile section */
		3609424C1E7FCC2100F12874 /* AppDelegate.swift in Sources */ = {isa = PBXBuildFile; fileRef = 3609424B1E7FCC2100F12874 /* AppDelegate.swift */; };
		3609424E1E7FCC2100F12874 /* ViewController.swift in Sources */ = {isa = PBXBuildFile; fileRef = 3609424D1E7FCC2100F12874 /* ViewController.swift */; };
		360942511E7FCC2100F12874 /* Main.storyboard in Resources */ = {isa = PBXBuildFile; fileRef = 3609424F1E7FCC2100F12874 /* Main.storyboard */; };
		360942531E7FCC2100F12874 /* Assets.xcassets in Resources */ = {isa = PBXBuildFile; fileRef = 360942521E7FCC2100F12874 /* Assets.xcassets */; };
		360942561E7FCC2100F12874 /* LaunchScreen.storyboard in Resources */ = {isa = PBXBuildFile; fileRef = 360942541E7FCC2100F12874 /* LaunchScreen.storyboard */; };
/* End PBXBuildFile section */

/* Begin PBXFileReference section */
		360942481E7FCC2100F12874 /* Zeamo.app */ = {isa = PBXFileReference; explicitFileType = wrapper.application; includeInIndex = 0; path = Zeamo.app; sourceTree = BUILT_PRODUCTS_DIR; };
		3609424B1E7FCC2100F12874 /* AppDelegate.swift */ = {isa = PBXFileReference; lastKnownFileType = sourcecode.swift; path = AppDelegate.swift; sourceTree = "<group>"; };
		3609424D1E7FCC2100F12874 /* ViewController.swift */ = {isa = PBXFileReference; lastKnownFileType = sourcecode.swift; path = ViewController.swift; sourceTree = "<group>"; };
		360942501E7FCC2100F12874 /* Base */ = {isa = PBXFileReference; lastKnownFileType = file.storyboard; name = Base; path = Base.lproj/Main.storyboard; sourceTree = "<group>"; };
		360942521E7FCC2100F12874 /* Assets.xcassets */ = {isa = PBXFileReference; lastKnownFileType = folder.assetcatalog; path = Assets.xcassets; sourceTree = "<group>"; };
		360942551E7FCC2100F12874 /* Base */ = {isa = PBXFileReference; lastKnownFileType = file.storyboard; name = Base; path = Base.lproj/LaunchScreen.storyboard; sourceTree = "<group>"; };
		360942571E7FCC2100F12874 /* Info.plist */ = {isa = PBXFileReference; lastKnownFileType = text.plist.xml; path = Info.plist; sourceTree = "<group>"; };
/* End PBXFileReference section */

/* Begin PBXFrameworksBuildPhase section */
		360942451E7FCC2100F12874 /* Frameworks */ = {
			isa = PBXFrameworksBuildPhase;
			buildActionMask = 2147483647;
			files = (
			);
			runOnlyForDeploymentPostprocessing = 0;
		};
/* End PBXFrameworksBuildPhase section */

/* Begin PBXGroup section */
		3609423F1E7FCC2000F12874 = {
			isa = PBXGroup;
			children = (
				3609424A1E7FCC2100F12874 /* Zeamo */,
				360942491E7FCC2100F12874 /* Products */,
			);
			sourceTree = "<group>";
		};
		360942491E7FCC2100F12874 /* Products */ = {
			isa = PBXGroup;
			children = (
				360942481E7FCC2100F12874 /* Zeamo.app */,
			);
			name = Products;
			sourceTree = "<group>";
		};
		3609424A1E7FCC2100F12874 /* Zeamo */ = {
			isa = PBXGroup;
			children = (
				3609424B1E7FCC2100F12874 /* AppDelegate.swift */,
				3609424D1E7FCC2100F12874 /* ViewController.swift */,
				3609424F1E7FCC2100F12874 /* Main.storyboard */,
				360942521E7FCC2100F12874 /* Assets.xcassets */,
				360942541E7FCC2100F12874 /* LaunchScreen.storyboard */,
				360942571E7FCC2100F12874 /* Info.plist */,
			);
			path = Zeamo;
			sourceTree = "<group>";
		};
/* End PBXGroup section */

/* Begin PBXNativeTarget section */
		360942471E7FCC2100F12874 /* Zeamo */ = {
			isa = PBXNativeTarget;
			buildConfigurationList = 3609425A1E7FCC2100F12874 /* Build configuration list for PBXNativeTarget "Zeamo" */;
			buildPhases = (
				360942441E7FCC2100F12874 /* Sources */,
				360942451E7FCC2100F12874 /* Frameworks */,
				360942461E7FCC2100F12874 /* Resources */,
			);
			buildRules = (
			);
			dependencies = (
			);
			name = Zeamo;
			productName = Zeamo;
			productReference = 360942481E7FCC2100F12874 /* Zeamo.app */;
			productType = "com.apple.product-type.application";
		};
/* End PBXNativeTarget section */

/* Begin PBXProject section */
		360942401E7FCC2100F12874 /* Project object */ = {
			isa = PBXProject;
			attributes = {
				LastSwiftUpdateCheck = 0820;
				LastUpgradeCheck = 0820;
				ORGANIZATIONNAME = TranTuat;
				TargetAttributes = {
					360942471E7FCC2100F12874 = {
						CreatedOnToolsVersion = 8.2.1;
						ProvisioningStyle = Automatic;
					};
				};
			};
			buildConfigurationList = 360942431E7FCC2100F12874 /* Build configuration list for PBXProject "Zeamo" */;
			compatibilityVersion = "Xcode 3.2";
			developmentRegion = English;
			hasScannedForEncodings = 0;
			knownRegions = (
				en,
				Base,
			);
			mainGroup = 3609423F1E7FCC2000F12874;
			productRefGroup = 360942491E7FCC2100F12874 /* Products */;
			projectDirPath = "";
			projectRoot = "";
			targets = (
				360942471E7FCC2100F12874 /* Zeamo */,
			);
		};
/* End PBXProject section */

/* Begin PBXResourcesBuildPhase section */
		360942461E7FCC2100F12874 /* Resources */ = {
			isa = PBXResourcesBuildPhase;
			buildActionMask = 2147483647;
			files = (
				360942561E7FCC2100F12874 /* LaunchScreen.storyboard in Resources */,
				360942531E7FCC2100F12874 /* Assets.xcassets in Resources */,
				360942511E7FCC2100F12874 /* Main.storyboard in Resources */,
			);
			runOnlyForDeploymentPostprocessing = 0;
		};
/* End PBXResourcesBuildPhase section */

/* Begin PBXSourcesBuildPhase section */
		360942441E7FCC2100F12874 /* Sources */ = {
			isa = PBXSourcesBuildPhase;
			buildActionMask = 2147483647;
			files = (
				3609424E1E7FCC2100F12874 /* ViewController.swift in Sources */,
				3609424C1E7FCC2100F12874 /* AppDelegate.swift in Sources */,
			);
			runOnlyForDeploymentPostprocessing = 0;
		};
/* End PBXSourcesBuildPhase section */

/* Begin PBXVariantGroup section */
		3609424F1E7FCC2100F12874 /* Main.storyboard */ = {
			isa = PBXVariantGroup;
			children = (
				360942501E7FCC2100F12874 /* Base */,
			);
			name = Main.storyboard;
			sourceTree = "<group>";
		};
		360942541E7FCC2100F12874 /* LaunchScreen.storyboard */ = {
			isa = PBXVariantGroup;
			children = (
				360942551E7FCC2100F12874 /* Base */,
			);
			name = LaunchScreen.storyboard;
			sourceTree = "<group>";
		};
/* End PBXVariantGroup section */

/* Begin XCBuildConfiguration section */
		360942581E7FCC2100F12874 /* Debug */ = {
			isa = XCBuildConfiguration;
			buildSettings = {
				ALWAYS_SEARCH_USER_PATHS = NO;
				CLANG_ANALYZER_NONNULL = YES;
				CLANG_CXX_LANGUAGE_STANDARD = "gnu++0x";
				CLANG_CXX_LIBRARY = "libc++";
				CLANG_ENABLE_MODULES = YES;
				CLANG_ENABLE_OBJC_ARC = YES;
				CLANG_WARN_BOOL_CONVERSION = YES;
				CLANG_WARN_CONSTANT_CONVERSION = YES;
				CLANG_WARN_DIRECT_OBJC_ISA_USAGE = YES_ERROR;
				CLANG_WARN_DOCUMENTATION_COMMENTS = YES;
				CLANG_WARN_EMPTY_BODY = YES;
				CLANG_WARN_ENUM_CONVERSION = YES;
				CLANG_WARN_INFINITE_RECURSION = YES;
				CLANG_WARN_INT_CONVERSION = YES;
				CLANG_WARN_OBJC_ROOT_CLASS = YES_ERROR;
				CLANG_WARN_SUSPICIOUS_MOVE = YES;
				CLANG_WARN_UNREACHABLE_CODE = YES;
				CLANG_WARN__DUPLICATE_METHOD_MATCH = YES;
				"CODE_SIGN_IDENTITY[sdk=iphoneos*]" = "iPhone Developer";
				COPY_PHASE_STRIP = NO;
				DEBUG_INFORMATION_FORMAT = dwarf;
				ENABLE_STRICT_OBJC_MSGSEND = YES;
				ENABLE_TESTABILITY = YES;
				GCC_C_LANGUAGE_STANDARD = gnu99;
				GCC_DYNAMIC_NO_PIC = NO;
				GCC_NO_COMMON_BLOCKS = YES;
				GCC_OPTIMIZATION_LEVEL = 0;
				GCC_PREPROCESSOR_DEFINITIONS = (
					"DEBUG=1",
					"$(inherited)",
				);
				GCC_WARN_64_TO_32_BIT_CONVERSION = YES;
				GCC_WARN_ABOUT_RETURN_TYPE = YES_ERROR;
				GCC_WARN_UNDECLARED_SELECTOR = YES;
				GCC_WARN_UNINITIALIZED_AUTOS = YES_AGGRESSIVE;
				GCC_WARN_UNUSED_FUNCTION = YES;
				GCC_WARN_UNUSED_VARIABLE = YES;
				IPHONEOS_DEPLOYMENT_TARGET = 10.2;
				MTL_ENABLE_DEBUG_INFO = YES;
				ONLY_ACTIVE_ARCH = YES;
				SDKROOT = iphoneos;
				SWIFT_ACTIVE_COMPILATION_CONDITIONS = DEBUG;
				SWIFT_OPTIMIZATION_LEVEL = "-Onone";
				TARGETED_DEVICE_FAMILY = "1,2";
			};
			name = Debug;
		};
		360942591E7FCC2100F12874 /* Release */ = {
			isa = XCBuildConfiguration;
			buildSettings = {
				ALWAYS_SEARCH_USER_PATHS = NO;
				CLANG_ANALYZER_NONNULL = YES;
				CLANG_CXX_LANGUAGE_STANDARD = "gnu++0x";
				CLANG_CXX_LIBRARY = "libc++";
				CLANG_ENABLE_MODULES = YES;
				CLANG_ENABLE_OBJC_ARC = YES;
				CLANG_WARN_BOOL_CONVERSION = YES;
				CLANG_WARN_CONSTANT_CONVERSION = YES;
				CLANG_WARN_DIRECT_OBJC_ISA_USAGE = YES_ERROR;
				CLANG_WARN_DOCUMENTATION_COMMENTS = YES;
				CLANG_WARN_EMPTY_BODY = YES;
				CLANG_WARN_ENUM_CONVERSION = YES;
				CLANG_WARN_INFINITE_RECURSION = YES;
				CLANG_WARN_INT_CONVERSION = YES;
				CLANG_WARN_OBJC_ROOT_CLASS = YES_ERROR;
				CLANG_WARN_SUSPICIOUS_MOVE = YES;
				CLANG_WARN_UNREACHABLE_CODE = YES;
				CLANG_WARN__DUPLICATE_METHOD_MATCH = YES;
				"CODE_SIGN_IDENTITY[sdk=iphoneos*]" = "iPhone Developer";
				COPY_PHASE_STRIP = NO;
				DEBUG_INFORMATION_FORMAT = "dwarf-with-dsym";
				ENABLE_NS_ASSERTIONS = NO;
				ENABLE_STRICT_OBJC_MSGSEND = YES;
				GCC_C_LANGUAGE_STANDARD = gnu99;
				GCC_NO_COMMON_BLOCKS = YES;
				GCC_WARN_64_TO_32_BIT_CONVERSION = YES;
				GCC_WARN_ABOUT_RETURN_TYPE = YES_ERROR;
				GCC_WARN_UNDECLARED_SELECTOR = YES;
				GCC_WARN_UNINITIALIZED_AUTOS = YES_AGGRESSIVE;
				GCC_WARN_UNUSED_FUNCTION = YES;
				GCC_WARN_UNUSED_VARIABLE = YES;
				IPHONEOS_DEPLOYMENT_TARGET = 10.2;
				MTL_ENABLE_DEBUG_INFO = NO;
				SDKROOT = iphoneos;
				SWIFT_OPTIMIZATION_LEVEL = "-Owholemodule";
				TARGETED_DEVICE_FAMILY = "1,2";
				VALIDATE_PRODUCT = YES;
			};
			name = Release;
		};
		3609425B1E7FCC2100F12874 /* Debug */ = {
			isa = XCBuildConfiguration;
			buildSettings = {
				ASSETCATALOG_COMPILER_APPICON_NAME = AppIcon;
				INFOPLIST_FILE = Zeamo/Info.plist;
				LD_RUNPATH_SEARCH_PATHS = "$(inherited) @executable_path/Frameworks";
				PRODUCT_BUNDLE_IDENTIFIER = TranTuat.Zeamo;
				PRODUCT_NAME = "$(TARGET_NAME)";
				SWIFT_VERSION = 3.0;
			};
			name = Debug;
		};
		3609425C1E7FCC2100F12874 /* Release */ = {
			isa = XCBuildConfiguration;
			buildSettings = {
				ASSETCATALOG_COMPILER_APPICON_NAME = AppIcon;
				INFOPLIST_FILE = Zeamo/Info.plist;
				LD_RUNPATH_SEARCH_PATHS = "$(inherited) @executable_path/Frameworks";
				PRODUCT_BUNDLE_IDENTIFIER = TranTuat.Zeamo;
				PRODUCT_NAME = "$(TARGET_NAME)";
				SWIFT_VERSION = 3.0;
			};
			name = Release;
		};
/* End XCBuildConfiguration section */

/* Begin XCConfigurationList section */
		360942431E7FCC2100F12874 /* Build configuration list for PBXProject "Zeamo" */ = {
			isa = XCConfigurationList;
			buildConfigurations = (
				360942581E7FCC2100F12874 /* Debug */,
				360942591E7FCC2100F12874 /* Release */,
			);
			defaultConfigurationIsVisible = 0;
			defaultConfigurationName = Release;
		};
		3609425A1E7FCC2100F12874 /* Build configuration list for PBXNativeTarget "Zeamo" */ = {
			isa = XCConfigurationList;
			buildConfigurations = (
				3609425B1E7FCC2100F12874 /* Debug */,
				3609425C1E7FCC2100F12874 /* Release */,
			);
			defaultConfigurationIsVisible = 0;
		};
/* End XCConfigurationList section */
	};
	rootObject = 360942401E7FCC2100F12874 /* Project object */;
}
